
Microsoft Visual Studio Solution File, Format Version 12.00
# Visual Studio Version 17
VisualStudioVersion = 17.11.35327.3
MinimumVisualStudioVersion = 10.0.40219.1
Project("{FAE04EC0-301F-11D3-BF4B-00C04F79EFBC}") = "App1", "App1.csproj", "{1BB41501-084C-45BB-9FB6-CCA5CDD5D752}"
EndProject
Global
	GlobalSection(SolutionConfigurationPlatforms) = preSolution
		Debug|ARM64 = Debug|ARM64
		Debug|x64 = Debug|x64
		Debug|x86 = Debug|x86
		Release|ARM64 = Release|ARM64
		Release|x64 = Release|x64
		Release|x86 = Release|x86
	EndGlobalSection
	GlobalSection(ProjectConfigurationPlatforms) = postSolution
		{1BB41501-084C-45BB-9FB6-CCA5CDD5D752}.Debug|ARM64.ActiveCfg = Debug|ARM64
		{1BB41501-084C-45BB-9FB6-CCA5CDD5D752}.Debug|ARM64.Build.0 = Debug|ARM64
		{1BB41501-084C-45BB-9FB6-CCA5CDD5D752}.Debug|ARM64.Deploy.0 = Debug|ARM64
		{1BB41501-084C-45BB-9FB6-CCA5CDD5D752}.Debug|x64.ActiveCfg = Debug|x64
		{1BB41501-084C-45BB-9FB6-CCA5CDD5D752}.Debug|x64.Build.0 = Debug|x64
		{1BB41501-084C-45BB-9FB6-CCA5CDD5D752}.Debug|x64.Deploy.0 = Debug|x64
		{1BB41501-084C-45BB-9FB6-CCA5CDD5D752}.Debug|x86.ActiveCfg = Debug|x86
		{1BB41501-084C-45BB-9FB6-CCA5CDD5D752}.Debug|x86.Build.0 = Debug|x86
		{1BB41501-084C-45BB-9FB6-CCA5CDD5D752}.Debug|x86.Deploy.0 = Debug|x86
		{1BB41501-084C-45BB-9FB6-CCA5CDD5D752}.Release|ARM64.ActiveCfg = Release|ARM64
		{1BB41501-084C-45BB-9FB6-CCA5CDD5D752}.Release|ARM64.Build.0 = Release|ARM64
		{1BB41501-084C-45BB-9FB6-CCA5CDD5D752}.Release|ARM64.Deploy.0 = Release|ARM64
		{1BB41501-084C-45BB-9FB6-CCA5CDD5D752}.Release|x64.ActiveCfg = Release|x64
		{1BB41501-084C-45BB-9FB6-CCA5CDD5D752}.Release|x64.Build.0 = Release|x64
		{1BB41501-084C-45BB-9FB6-CCA5CDD5D752}.Release|x64.Deploy.0 = Release|x64
		{1BB41501-084C-45BB-9FB6-CCA5CDD5D752}.Release|x86.ActiveCfg = Release|x86
		{1BB41501-084C-45BB-9FB6-CCA5CDD5D752}.Release|x86.Build.0 = Release|x86
		{1BB41501-084C-45BB-9FB6-CCA5CDD5D752}.Release|x86.Deploy.0 = Release|x86
	EndGlobalSection
	GlobalSection(SolutionProperties) = preSolution
		HideSolutionNode = FALSE
	EndGlobalSection
	GlobalSection(ExtensibilityGlobals) = postSolution
		SolutionGuid = {A278737C-A1E0-4282-A4EA-E5B24AB7B0EF}
	EndGlobalSection
EndGlobal
